
Microsoft Visual Studio Solution File, Format Version 12.00
# Visual Studio Version 16
VisualStudioVersion = 16.0.32413.511
MinimumVisualStudioVersion = 10.0.40219.1
Project("{FAE04EC0-301F-11D3-BF4B-00C04F79EFBC}") = "Calendar", "Calendar.csproj", "{DFB74665-6961-4862-9ECB-0A5EF60AECE6}"
EndProject
Global
	GlobalSection(SolutionConfigurationPlatforms) = preSolution
		Debug|Any CPU = Debug|Any CPU
		Release|Any CPU = Release|Any CPU
	EndGlobalSection
	GlobalSection(ProjectConfigurationPlatforms) = postSolution
		{DFB74665-6961-4862-9ECB-0A5EF60AECE6}.Debug|Any CPU.ActiveCfg = Debug|Any CPU
		{DFB74665-6961-4862-9ECB-0A5EF60AECE6}.Debug|Any CPU.Build.0 = Debug|Any CPU
		{DFB74665-6961-4862-9ECB-0A5EF60AECE6}.Release|Any CPU.ActiveCfg = Release|Any CPU
		{DFB74665-6961-4862-9ECB-0A5EF60AECE6}.Release|Any CPU.Build.0 = Release|Any CPU
	EndGlobalSection
	GlobalSection(SolutionProperties) = preSolution
		HideSolutionNode = FALSE
	EndGlobalSection
	GlobalSection(ExtensibilityGlobals) = postSolution
		SolutionGuid = {1A0F88FC-BA59-456A-A2D5-2CE6CEA8A8EF}
	EndGlobalSection
EndGlobal
